schema: '2.0'
stages:
  clean:
    cmd: uv run python -m src.data.clean
    deps:
    - path: data_folder/IDS_mapping.csv
      hash: md5
      md5: e17b3b3ffa348d0a47a9bb3c92b218b3
      size: 2547
    - path: data_folder/diabetic_data.csv
      hash: md5
      md5: 502f0cc004e4cf71536ec2e61596e42f
      size: 19159383
    - path: src/data/clean.py
      hash: md5
      md5: 35ca235ef155531d331a6374e11414fe
      size: 7705
    outs:
    - path: data_folder/processed/cleaned.parquet
      hash: md5
      md5: b1bcc9811ab36d546b097810917d84b6
      size: 2684600
  features:
    cmd: uv run python -m src.features.build_features
    deps:
    - path: data_folder/processed/cleaned.parquet
      hash: md5
      md5: b1bcc9811ab36d546b097810917d84b6
      size: 2684600
    - path: src/data/clean.py
      hash: md5
      md5: 35ca235ef155531d331a6374e11414fe
      size: 7705
    - path: src/features/build_features.py
      hash: md5
      md5: 392e974dc1b0e50c5befb2100a7070c5
      size: 6591
    outs:
    - path: data_folder/processed/features.parquet
      hash: md5
      md5: 2f352fa106b0ce982e5c831c92306258
      size: 2553471
